
Microsoft Visual Studio Solution File, Format Version 12.00
# Visual Studio Version 17
VisualStudioVersion = 17.10.35004.147
MinimumVisualStudioVersion = 10.0.40219.1
Project("{FAE04EC0-301F-11D3-BF4B-00C04F79EFBC}") = "academiaMVC", "academiaMVC\academiaMVC.csproj", "{99D2E296-7629-4B21-B834-5FC782BCA4D9}"
EndProject
Global
	GlobalSection(SolutionConfigurationPlatforms) = preSolution
		Debug|Any CPU = Debug|Any CPU
		Release|Any CPU = Release|Any CPU
	EndGlobalSection
	GlobalSection(ProjectConfigurationPlatforms) = postSolution
		{99D2E296-7629-4B21-B834-5FC782BCA4D9}.Debug|Any CPU.ActiveCfg = Debug|Any CPU
		{99D2E296-7629-4B21-B834-5FC782BCA4D9}.Debug|Any CPU.Build.0 = Debug|Any CPU
		{99D2E296-7629-4B21-B834-5FC782BCA4D9}.Release|Any CPU.ActiveCfg = Release|Any CPU
		{99D2E296-7629-4B21-B834-5FC782BCA4D9}.Release|Any CPU.Build.0 = Release|Any CPU
	EndGlobalSection
	GlobalSection(SolutionProperties) = preSolution
		HideSolutionNode = FALSE
	EndGlobalSection
	GlobalSection(ExtensibilityGlobals) = postSolution
		SolutionGuid = {74E42803-5F14-4DE1-BAA0-A8FDC9493F19}
	EndGlobalSection
EndGlobal
